// !$*UTF8*$!
{
	archiveVersion = 1;
	classes = {
	};
	objectVersion = 56;
	objects = {

/* Begin PBXBuildFile section */
		6086DC3E2B5A8F7200B00536 /* AppDelegate.swift in Sources */ = {isa = PBXBuildFile; fileRef = 6086DC3D2B5A8F7200B00536 /* AppDelegate.swift */; };
		6086DC402B5A8F7200B00536 /* SceneDelegate.swift in Sources */ = {isa = PBXBuildFile; fileRef = 6086DC3F2B5A8F7200B00536 /* SceneDelegate.swift */; };
		6086DC452B5A8F7200B00536 /* Main.storyboard in Resources */ = {isa = PBXBuildFile; fileRef = 6086DC432B5A8F7200B00536 /* Main.storyboard */; };
		6086DC472B5A8F7400B00536 /* Assets.xcassets in Resources */ = {isa = PBXBuildFile; fileRef = 6086DC462B5A8F7400B00536 /* Assets.xcassets */; };
		6086DC4A2B5A8F7400B00536 /* LaunchScreen.storyboard in Resources */ = {isa = PBXBuildFile; fileRef = 6086DC482B5A8F7400B00536 /* LaunchScreen.storyboard */; };
		6086DC552B5A8F7400B00536 /* Project5Tests.swift in Sources */ = {isa = PBXBuildFile; fileRef = 6086DC542B5A8F7400B00536 /* Project5Tests.swift */; };
		6086DC5F2B5A8F7400B00536 /* Project5UITests.swift in Sources */ = {isa = PBXBuildFile; fileRef = 6086DC5E2B5A8F7400B00536 /* Project5UITests.swift */; };
		6086DC612B5A8F7400B00536 /* Project5UITestsLaunchTests.swift in Sources */ = {isa = PBXBuildFile; fileRef = 6086DC602B5A8F7400B00536 /* Project5UITestsLaunchTests.swift */; };
		6086DC6E2B5A910D00B00536 /* TableViewController.swift in Sources */ = {isa = PBXBuildFile; fileRef = 6086DC6D2B5A910D00B00536 /* TableViewController.swift */; };
		6086DC702B5A979D00B00536 /* start.txt in Resources */ = {isa = PBXBuildFile; fileRef = 6086DC6F2B5A979D00B00536 /* start.txt */; };
/* End PBXBuildFile section */

/* Begin PBXContainerItemProxy section */
		6086DC512B5A8F7400B00536 /* PBXContainerItemProxy */ = {
			isa = PBXContainerItemProxy;
			containerPortal = 6086DC322B5A8F7200B00536 /* Project object */;
			proxyType = 1;
			remoteGlobalIDString = 6086DC392B5A8F7200B00536;
			remoteInfo = Project5;
		};
		6086DC5B2B5A8F7400B00536 /* PBXContainerItemProxy */ = {
			isa = PBXContainerItemProxy;
			containerPortal = 6086DC322B5A8F7200B00536 /* Project object */;
			proxyType = 1;
			remoteGlobalIDString = 6086DC392B5A8F7200B00536;
			remoteInfo = Project5;
		};
/* End PBXContainerItemProxy section */

/* Begin PBXFileReference section */
		6086DC3A2B5A8F7200B00536 /* Project5.app */ = {isa = PBXFileReference; explicitFileType = wrapper.application; includeInIndex = 0; path = Project5.app; sourceTree = BUILT_PRODUCTS_DIR; };
		6086DC3D2B5A8F7200B00536 /* AppDelegate.swift */ = {isa = PBXFileReference; lastKnownFileType = sourcecode.swift; path = AppDelegate.swift; sourceTree = "<group>"; };
		6086DC3F2B5A8F7200B00536 /* SceneDelegate.swift */ = {isa = PBXFileReference; lastKnownFileType = sourcecode.swift; path = SceneDelegate.swift; sourceTree = "<group>"; };
		6086DC442B5A8F7200B00536 /* Base */ = {isa = PBXFileReference; lastKnownFileType = file.storyboard; name = Base; path = Base.lproj/Main.storyboard; sourceTree = "<group>"; };
		6086DC462B5A8F7400B00536 /* Assets.xcassets */ = {isa = PBXFileReference; lastKnownFileType = folder.assetcatalog; path = Assets.xcassets; sourceTree = "<group>"; };
		6086DC492B5A8F7400B00536 /* Base */ = {isa = PBXFileReference; lastKnownFileType = file.storyboard; name = Base; path = Base.lproj/LaunchScreen.storyboard; sourceTree = "<group>"; };
		6086DC4B2B5A8F7400B00536 /* Info.plist */ = {isa = PBXFileReference; lastKnownFileType = text.plist.xml; path = Info.plist; sourceTree = "<group>"; };
		6086DC502B5A8F7400B00536 /* Project5Tests.xctest */ = {isa = PBXFileReference; explicitFileType = wrapper.cfbundle; includeInIndex = 0; path = Project5Tests.xctest; sourceTree = BUILT_PRODUCTS_DIR; };
		6086DC542B5A8F7400B00536 /* Project5Tests.swift */ = {isa = PBXFileReference; lastKnownFileType = sourcecode.swift; path = Project5Tests.swift; sourceTree = "<group>"; };
		6086DC5A2B5A8F7400B00536 /* Project5UITests.xctest */ = {isa = PBXFileReference; explicitFileType = wrapper.cfbundle; includeInIndex = 0; path = Project5UITests.xctest; sourceTree = BUILT_PRODUCTS_DIR; };
		6086DC5E2B5A8F7400B00536 /* Project5UITests.swift */ = {isa = PBXFileReference; lastKnownFileType = sourcecode.swift; path = Project5UITests.swift; sourceTree = "<group>"; };
		6086DC602B5A8F7400B00536 /* Project5UITestsLaunchTests.swift */ = {isa = PBXFileReference; lastKnownFileType = sourcecode.swift; path = Project5UITestsLaunchTests.swift; sourceTree = "<group>"; };
		6086DC6D2B5A910D00B00536 /* TableViewController.swift */ = {isa = PBXFileReference; lastKnownFileType = sourcecode.swift; path = TableViewController.swift; sourceTree = "<group>"; };
		6086DC6F2B5A979D00B00536 /* start.txt */ = {isa = PBXFileReference; fileEncoding = 4; lastKnownFileType = text; path = start.txt; sourceTree = "<group>"; };
/* End PBXFileReference section */

/* Begin PBXFrameworksBuildPhase section */
		6086DC372B5A8F7200B00536 /* Frameworks */ = {
			isa = PBXFrameworksBuildPhase;
			buildActionMask = 2147483647;
			files = (
			);
			runOnlyForDeploymentPostprocessing = 0;
		};
		6086DC4D2B5A8F7400B00536 /* Frameworks */ = {
			isa = PBXFrameworksBuildPhase;
			buildActionMask = 2147483647;
			files = (
			);
			runOnlyForDeploymentPostprocessing = 0;
		};
		6086DC572B5A8F7400B00536 /* Frameworks */ = {
			isa = PBXFrameworksBuildPhase;
			buildActionMask = 2147483647;
			files = (
			);
			runOnlyForDeploymentPostprocessing = 0;
		};
/* End PBXFrameworksBuildPhase section */

/* Begin PBXGroup section */
		6086DC312B5A8F7200B00536 = {
			isa = PBXGroup;
			children = (
				6086DC3C2B5A8F7200B00536 /* Project5 */,
				6086DC532B5A8F7400B00536 /* Project5Tests */,
				6086DC5D2B5A8F7400B00536 /* Project5UITests */,
				6086DC3B2B5A8F7200B00536 /* Products */,
			);
			sourceTree = "<group>";
		};
		6086DC3B2B5A8F7200B00536 /* Products */ = {
			isa = PBXGroup;
			children = (
				6086DC3A2B5A8F7200B00536 /* Project5.app */,
				6086DC502B5A8F7400B00536 /* Project5Tests.xctest */,
				6086DC5A2B5A8F7400B00536 /* Project5UITests.xctest */,
			);
			name = Products;
			sourceTree = "<group>";
		};
		6086DC3C2B5A8F7200B00536 /* Project5 */ = {
			isa = PBXGroup;
			children = (
				6086DC3D2B5A8F7200B00536 /* AppDelegate.swift */,
				6086DC3F2B5A8F7200B00536 /* SceneDelegate.swift */,
				6086DC6D2B5A910D00B00536 /* TableViewController.swift */,
				6086DC432B5A8F7200B00536 /* Main.storyboard */,
				6086DC462B5A8F7400B00536 /* Assets.xcassets */,
				6086DC6F2B5A979D00B00536 /* start.txt */,
				6086DC482B5A8F7400B00536 /* LaunchScreen.storyboard */,
				6086DC4B2B5A8F7400B00536 /* Info.plist */,
			);
			path = Project5;
			sourceTree = "<group>";
		};
		6086DC532B5A8F7400B00536 /* Project5Tests */ = {
			isa = PBXGroup;
			children = (
				6086DC542B5A8F7400B00536 /* Project5Tests.swift */,
			);
			path = Project5Tests;
			sourceTree = "<group>";
		};
		6086DC5D2B5A8F7400B00536 /* Project5UITests */ = {
			isa = PBXGroup;
			children = (
				6086DC5E2B5A8F7400B00536 /* Project5UITests.swift */,
				6086DC602B5A8F7400B00536 /* Project5UITestsLaunchTests.swift */,
			);
			path = Project5UITests;
			sourceTree = "<group>";
		};
/* End PBXGroup section */

/* Begin PBXNativeTarget section */
		6086DC392B5A8F7200B00536 /* Project5 */ = {
			isa = PBXNativeTarget;
			buildConfigurationList = 6086DC642B5A8F7400B00536 /* Build configuration list for PBXNativeTarget "Project5" */;
			buildPhases = (
				6086DC362B5A8F7200B00536 /* Sources */,
				6086DC372B5A8F7200B00536 /* Frameworks */,
				6086DC382B5A8F7200B00536 /* Resources */,
			);
			buildRules = (
			);
			dependencies = (
			);
			name = Project5;
			productName = Project5;
			productReference = 6086DC3A2B5A8F7200B00536 /* Project5.app */;
			productType = "com.apple.product-type.application";
		};
		6086DC4F2B5A8F7400B00536 /* Project5Tests */ = {
			isa = PBXNativeTarget;
			buildConfigurationList = 6086DC672B5A8F7400B00536 /* Build configuration list for PBXNativeTarget "Project5Tests" */;
			buildPhases = (
				6086DC4C2B5A8F7400B00536 /* Sources */,
				6086DC4D2B5A8F7400B00536 /* Frameworks */,
				6086DC4E2B5A8F7400B00536 /* Resources */,
			);
			buildRules = (
			);
			dependencies = (
				6086DC522B5A8F7400B00536 /* PBXTargetDependency */,
			);
			name = Project5Tests;
			productName = Project5Tests;
			productReference = 6086DC502B5A8F7400B00536 /* Project5Tests.xctest */;
			productType = "com.apple.product-type.bundle.unit-test";
		};
		6086DC592B5A8F7400B00536 /* Project5UITests */ = {
			isa = PBXNativeTarget;
			buildConfigurationList = 6086DC6A2B5A8F7400B00536 /* Build configuration list for PBXNativeTarget "Project5UITests" */;
			buildPhases = (
				6086DC562B5A8F7400B00536 /* Sources */,
				6086DC572B5A8F7400B00536 /* Frameworks */,
				6086DC582B5A8F7400B00536 /* Resources */,
			);
			buildRules = (
			);
			dependencies = (
				6086DC5C2B5A8F7400B00536 /* PBXTargetDependency */,
			);
			name = Project5UITests;
			productName = Project5UITests;
			productReference = 6086DC5A2B5A8F7400B00536 /* Project5UITests.xctest */;
			productType = "com.apple.product-type.bundle.ui-testing";
		};
/* End PBXNativeTarget section */

/* Begin PBXProject section */
		6086DC322B5A8F7200B00536 /* Project object */ = {
			isa = PBXProject;
			attributes = {
				BuildIndependentTargetsInParallel = 1;
				LastSwiftUpdateCheck = 1500;
				LastUpgradeCheck = 1500;
				TargetAttributes = {
					6086DC392B5A8F7200B00536 = {
						CreatedOnToolsVersion = 15.0;
					};
					6086DC4F2B5A8F7400B00536 = {
						CreatedOnToolsVersion = 15.0;
						TestTargetID = 6086DC392B5A8F7200B00536;
					};
					6086DC592B5A8F7400B00536 = {
						CreatedOnToolsVersion = 15.0;
						TestTargetID = 6086DC392B5A8F7200B00536;
					};
				};
			};
			buildConfigurationList = 6086DC352B5A8F7200B00536 /* Build configuration list for PBXProject "Project5" */;
			compatibilityVersion = "Xcode 14.0";
			developmentRegion = en;
			hasScannedForEncodings = 0;
			knownRegions = (
				en,
				Base,
			);
			mainGroup = 6086DC312B5A8F7200B00536;
			productRefGroup = 6086DC3B2B5A8F7200B00536 /* Products */;
			projectDirPath = "";
			projectRoot = "";
			targets = (
				6086DC392B5A8F7200B00536 /* Project5 */,
				6086DC4F2B5A8F7400B00536 /* Project5Tests */,
				6086DC592B5A8F7400B00536 /* Project5UITests */,
			);
		};
/* End PBXProject section */

/* Begin PBXResourcesBuildPhase section */
		6086DC382B5A8F7200B00536 /* Resources */ = {
			isa = PBXResourcesBuildPhase;
			buildActionMask = 2147483647;
			files = (
				6086DC4A2B5A8F7400B00536 /* LaunchScreen.storyboard in Resources */,
				6086DC702B5A979D00B00536 /* start.txt in Resources */,
				6086DC472B5A8F7400B00536 /* Assets.xcassets in Resources */,
				6086DC452B5A8F7200B00536 /* Main.storyboard in Resources */,
			);
			runOnlyForDeploymentPostprocessing = 0;
		};
		6086DC4E2B5A8F7400B00536 /* Resources */ = {
			isa = PBXResourcesBuildPhase;
			buildActionMask = 2147483647;
			files = (
			);
			runOnlyForDeploymentPostprocessing = 0;
		};
		6086DC582B5A8F7400B00536 /* Resources */ = {
			isa = PBXResourcesBuildPhase;
			buildActionMask = 2147483647;
			files = (
			);
			runOnlyForDeploymentPostprocessing = 0;
		};
/* End PBXResourcesBuildPhase section */

/* Begin PBXSourcesBuildPhase section */
		6086DC362B5A8F7200B00536 /* Sources */ = {
			isa = PBXSourcesBuildPhase;
			buildActionMask = 2147483647;
			files = (
				6086DC3E2B5A8F7200B00536 /* AppDelegate.swift in Sources */,
				6086DC6E2B5A910D00B00536 /* TableViewController.swift in Sources */,
				6086DC402B5A8F7200B00536 /* SceneDelegate.swift in Sources */,
			);
			runOnlyForDeploymentPostprocessing = 0;
		};
		6086DC4C2B5A8F7400B00536 /* Sources */ = {
			isa = PBXSourcesBuildPhase;
			buildActionMask = 2147483647;
			files = (
				6086DC552B5A8F7400B00536 /* Project5Tests.swift in Sources */,
			);
			runOnlyForDeploymentPostprocessing = 0;
		};
		6086DC562B5A8F7400B00536 /* Sources */ = {
			isa = PBXSourcesBuildPhase;
			buildActionMask = 2147483647;
			files = (
				6086DC612B5A8F7400B00536 /* Project5UITestsLaunchTests.swift in Sources */,
				6086DC5F2B5A8F7400B00536 /* Project5UITests.swift in Sources */,
			);
			runOnlyForDeploymentPostprocessing = 0;
		};
/* End PBXSourcesBuildPhase section */

/* Begin PBXTargetDependency section */
		6086DC522B5A8F7400B00536 /* PBXTargetDependency */ = {
			isa = PBXTargetDependency;
			target = 6086DC392B5A8F7200B00536 /* Project5 */;
			targetProxy = 6086DC512B5A8F7400B00536 /* PBXContainerItemProxy */;
		};
		6086DC5C2B5A8F7400B00536 /* PBXTargetDependency */ = {
			isa = PBXTargetDependency;
			target = 6086DC392B5A8F7200B00536 /* Project5 */;
			targetProxy = 6086DC5B2B5A8F7400B00536 /* PBXContainerItemProxy */;
		};
/* End PBXTargetDependency section */

/* Begin PBXVariantGroup section */
		6086DC432B5A8F7200B00536 /* Main.storyboard */ = {
			isa = PBXVariantGroup;
			children = (
				6086DC442B5A8F7200B00536 /* Base */,
			);
			name = Main.storyboard;
			sourceTree = "<group>";
		};
		6086DC482B5A8F7400B00536 /* LaunchScreen.storyboard */ = {
			isa = PBXVariantGroup;
			children = (
				6086DC492B5A8F7400B00536 /* Base */,
			);
			name = LaunchScreen.storyboard;
			sourceTree = "<group>";
		};
/* End PBXVariantGroup section */

/* Begin XCBuildConfiguration section */
		6086DC622B5A8F7400B00536 /* Debug */ = {
			isa = XCBuildConfiguration;
			buildSettings = {
				ALWAYS_SEARCH_USER_PATHS = NO;
				ASSETCATALOG_COMPILER_GENERATE_SWIFT_ASSET_SYMBOL_EXTENSIONS = YES;
				CLANG_ANALYZER_NONNULL = YES;
				CLANG_ANALYZER_NUMBER_OBJECT_CONVERSION = YES_AGGRESSIVE;
				CLANG_CXX_LANGUAGE_STANDARD = "gnu++20";
				CLANG_ENABLE_MODULES = YES;
				CLANG_ENABLE_OBJC_ARC = YES;
				CLANG_ENABLE_OBJC_WEAK = YES;
				CLANG_WARN_BLOCK_CAPTURE_AUTORELEASING = YES;
				CLANG_WARN_BOOL_CONVERSION = YES;
				CLANG_WARN_COMMA = YES;
				CLANG_WARN_CONSTANT_CONVERSION = YES;
				CLANG_WARN_DEPRECATED_OBJC_IMPLEMENTATIONS = YES;
				CLANG_WARN_DIRECT_OBJC_ISA_USAGE = YES_ERROR;
				CLANG_WARN_DOCUMENTATION_COMMENTS = YES;
				CLANG_WARN_EMPTY_BODY = YES;
				CLANG_WARN_ENUM_CONVERSION = YES;
				CLANG_WARN_INFINITE_RECURSION = YES;
				CLANG_WARN_INT_CONVERSION = YES;
				CLANG_WARN_NON_LITERAL_NULL_CONVERSION = YES;
				CLANG_WARN_OBJC_IMPLICIT_RETAIN_SELF = YES;
				CLANG_WARN_OBJC_LITERAL_CONVERSION = YES;
				CLANG_WARN_OBJC_ROOT_CLASS = YES_ERROR;
				CLANG_WARN_QUOTED_INCLUDE_IN_FRAMEWORK_HEADER = YES;
				CLANG_WARN_RANGE_LOOP_ANALYSIS = YES;
				CLANG_WARN_STRICT_PROTOTYPES = YES;
				CLANG_WARN_SUSPICIOUS_MOVE = YES;
				CLANG_WARN_UNGUARDED_AVAILABILITY = YES_AGGRESSIVE;
				CLANG_WARN_UNREACHABLE_CODE = YES;
				CLANG_WARN__DUPLICATE_METHOD_MATCH = YES;
				COPY_PHASE_STRIP = NO;
				DEBUG_INFORMATION_FORMAT = dwarf;
				ENABLE_STRICT_OBJC_MSGSEND = YES;
				ENABLE_TESTABILITY = YES;
				ENABLE_USER_SCRIPT_SANDBOXING = YES;
				GCC_C_LANGUAGE_STANDARD = gnu17;
				GCC_DYNAMIC_NO_PIC = NO;
				GCC_NO_COMMON_BLOCKS = YES;
				GCC_OPTIMIZATION_LEVEL = 0;
				GCC_PREPROCESSOR_DEFINITIONS = (
					"DEBUG=1",
					"$(inherited)",
				);
				GCC_WARN_64_TO_32_BIT_CONVERSION = YES;
				GCC_WARN_ABOUT_RETURN_TYPE = YES_ERROR;
				GCC_WARN_UNDECLARED_SELECTOR = YES;
				GCC_WARN_UNINITIALIZED_AUTOS = YES_AGGRESSIVE;
				GCC_WARN_UNUSED_FUNCTION = YES;
				GCC_WARN_UNUSED_VARIABLE = YES;
				IPHONEOS_DEPLOYMENT_TARGET = 17.0;
				LOCALIZATION_PREFERS_STRING_CATALOGS = YES;
				MTL_ENABLE_DEBUG_INFO = INCLUDE_SOURCE;
				MTL_FAST_MATH = YES;
				ONLY_ACTIVE_ARCH = YES;
				SDKROOT = iphoneos;
				SWIFT_ACTIVE_COMPILATION_CONDITIONS = "DEBUG $(inherited)";
				SWIFT_OPTIMIZATION_LEVEL = "-Onone";
			};
			name = Debug;
		};
		6086DC632B5A8F7400B00536 /* Release */ = {
			isa = XCBuildConfiguration;
			buildSettings = {
				ALWAYS_SEARCH_USER_PATHS = NO;
				ASSETCATALOG_COMPILER_GENERATE_SWIFT_ASSET_SYMBOL_EXTENSIONS = YES;
				CLANG_ANALYZER_NONNULL = YES;
				CLANG_ANALYZER_NUMBER_OBJECT_CONVERSION = YES_AGGRESSIVE;
				CLANG_CXX_LANGUAGE_STANDARD = "gnu++20";
				CLANG_ENABLE_MODULES = YES;
				CLANG_ENABLE_OBJC_ARC = YES;
				CLANG_ENABLE_OBJC_WEAK = YES;
				CLANG_WARN_BLOCK_CAPTURE_AUTORELEASING = YES;
				CLANG_WARN_BOOL_CONVERSION = YES;
				CLANG_WARN_COMMA = YES;
				CLANG_WARN_CONSTANT_CONVERSION = YES;
				CLANG_WARN_DEPRECATED_OBJC_IMPLEMENTATIONS = YES;
				CLANG_WARN_DIRECT_OBJC_ISA_USAGE = YES_ERROR;
				CLANG_WARN_DOCUMENTATION_COMMENTS = YES;
				CLANG_WARN_EMPTY_BODY = YES;
				CLANG_WARN_ENUM_CONVERSION = YES;
				CLANG_WARN_INFINITE_RECURSION = YES;
				CLANG_WARN_INT_CONVERSION = YES;
				CLANG_WARN_NON_LITERAL_NULL_CONVERSION = YES;
				CLANG_WARN_OBJC_IMPLICIT_RETAIN_SELF = YES;
				CLANG_WARN_OBJC_LITERAL_CONVERSION = YES;
				CLANG_WARN_OBJC_ROOT_CLASS = YES_ERROR;
				CLANG_WARN_QUOTED_INCLUDE_IN_FRAMEWORK_HEADER = YES;
				CLANG_WARN_RANGE_LOOP_ANALYSIS = YES;
				CLANG_WARN_STRICT_PROTOTYPES = YES;
				CLANG_WARN_SUSPICIOUS_MOVE = YES;
				CLANG_WARN_UNGUARDED_AVAILABILITY = YES_AGGRESSIVE;
				CLANG_WARN_UNREACHABLE_CODE = YES;
				CLANG_WARN__DUPLICATE_METHOD_MATCH = YES;
				COPY_PHASE_STRIP = NO;
				DEBUG_INFORMATION_FORMAT = "dwarf-with-dsym";
				ENABLE_NS_ASSERTIONS = NO;
				ENABLE_STRICT_OBJC_MSGSEND = YES;
				ENABLE_USER_SCRIPT_SANDBOXING = YES;
				GCC_C_LANGUAGE_STANDARD = gnu17;
				GCC_NO_COMMON_BLOCKS = YES;
				GCC_WARN_64_TO_32_BIT_CONVERSION = YES;
				GCC_WARN_ABOUT_RETURN_TYPE = YES_ERROR;
				GCC_WARN_UNDECLARED_SELECTOR = YES;
				GCC_WARN_UNINITIALIZED_AUTOS = YES_AGGRESSIVE;
				GCC_WARN_UNUSED_FUNCTION = YES;
				GCC_WARN_UNUSED_VARIABLE = YES;
				IPHONEOS_DEPLOYMENT_TARGET = 17.0;
				LOCALIZATION_PREFERS_STRING_CATALOGS = YES;
				MTL_ENABLE_DEBUG_INFO = NO;
				MTL_FAST_MATH = YES;
				SDKROOT = iphoneos;
				SWIFT_COMPILATION_MODE = wholemodule;
				VALIDATE_PRODUCT = YES;
			};
			name = Release;
		};
		6086DC652B5A8F7400B00536 /* Debug */ = {
			isa = XCBuildConfiguration;
			buildSettings = {
				ASSETCATALOG_COMPILER_APPICON_NAME = AppIcon;
				ASSETCATALOG_COMPILER_GLOBAL_ACCENT_COLOR_NAME = AccentColor;
				CODE_SIGN_STYLE = Automatic;
				CURRENT_PROJECT_VERSION = 1;
				DEVELOPMENT_TEAM = L6R7P8MDW2;
				GENERATE_INFOPLIST_FILE = YES;
				INFOPLIST_FILE = Project5/Info.plist;
				INFOPLIST_KEY_UIApplicationSupportsIndirectInputEvents = YES;
				INFOPLIST_KEY_UILaunchStoryboardName = LaunchScreen;
				INFOPLIST_KEY_UIMainStoryboardFile = Main;
				INFOPLIST_KEY_UISupportedInterfaceOrientations_iPad = "UIInterfaceOrientationPortrait UIInterfaceOrientationPortraitUpsideDown UIInterfaceOrientationLandscapeLeft UIInterfaceOrientationLandscapeRight";
				INFOPLIST_KEY_UISupportedInterfaceOrientations_iPhone = "UIInterfaceOrientationPortrait UIInterfaceOrientationLandscapeLeft UIInterfaceOrientationLandscapeRight";
				LD_RUNPATH_SEARCH_PATHS = (
					"$(inherited)",
					"@executable_path/Frameworks",
				);
				MARKETING_VERSION = 1.0;
				PRODUCT_BUNDLE_IDENTIFIER = com.barisadalidag.Project5;
				PRODUCT_NAME = "$(TARGET_NAME)";
				SWIFT_EMIT_LOC_STRINGS = YES;
				SWIFT_VERSION = 5.0;
				TARGETED_DEVICE_FAMILY = "1,2";
			};
			name = Debug;
		};
		6086DC662B5A8F7400B00536 /* Release */ = {
			isa = XCBuildConfiguration;
			buildSettings = {
				ASSETCATALOG_COMPILER_APPICON_NAME = AppIcon;
				ASSETCATALOG_COMPILER_GLOBAL_ACCENT_COLOR_NAME = AccentColor;
				CODE_SIGN_STYLE = Automatic;
				CURRENT_PROJECT_VERSION = 1;
				DEVELOPMENT_TEAM = L6R7P8MDW2;
				GENERATE_INFOPLIST_FILE = YES;
				INFOPLIST_FILE = Project5/Info.plist;
				INFOPLIST_KEY_UIApplicationSupportsIndirectInputEvents = YES;
				INFOPLIST_KEY_UILaunchStoryboardName = LaunchScreen;
				INFOPLIST_KEY_UIMainStoryboardFile = Main;
				INFOPLIST_KEY_UISupportedInterfaceOrientations_iPad = "UIInterfaceOrientationPortrait UIInterfaceOrientationPortraitUpsideDown UIInterfaceOrientationLandscapeLeft UIInterfaceOrientationLandscapeRight";
				INFOPLIST_KEY_UISupportedInterfaceOrientations_iPhone = "UIInterfaceOrientationPortrait UIInterfaceOrientationLandscapeLeft UIInterfaceOrientationLandscapeRight";
				LD_RUNPATH_SEARCH_PATHS = (
					"$(inherited)",
					"@executable_path/Frameworks",
				);
				MARKETING_VERSION = 1.0;
				PRODUCT_BUNDLE_IDENTIFIER = com.barisadalidag.Project5;
				PRODUCT_NAME = "$(TARGET_NAME)";
				SWIFT_EMIT_LOC_STRINGS = YES;
				SWIFT_VERSION = 5.0;
				TARGETED_DEVICE_FAMILY = "1,2";
			};
			name = Release;
		};
		6086DC682B5A8F7400B00536 /* Debug */ = {
			isa = XCBuildConfiguration;
			buildSettings = {
				ALWAYS_EMBED_SWIFT_STANDARD_LIBRARIES = YES;
				BUNDLE_LOADER = "$(TEST_HOST)";
				CODE_SIGN_STYLE = Automatic;
				CURRENT_PROJECT_VERSION = 1;
				DEVELOPMENT_TEAM = L6R7P8MDW2;
				GENERATE_INFOPLIST_FILE = YES;
				IPHONEOS_DEPLOYMENT_TARGET = 17.0;
				MARKETING_VERSION = 1.0;
				PRODUCT_BUNDLE_IDENTIFIER = com.barisadalidag.Project5Tests;
				PRODUCT_NAME = "$(TARGET_NAME)";
				SWIFT_EMIT_LOC_STRINGS = NO;
				SWIFT_VERSION = 5.0;
				TARGETED_DEVICE_FAMILY = "1,2";
				TEST_HOST = "$(BUILT_PRODUCTS_DIR)/Project5.app/$(BUNDLE_EXECUTABLE_FOLDER_PATH)/Project5";
			};
			name = Debug;
		};
		6086DC692B5A8F7400B00536 /* Release */ = {
			isa = XCBuildConfiguration;
			buildSettings = {
				ALWAYS_EMBED_SWIFT_STANDARD_LIBRARIES = YES;
				BUNDLE_LOADER = "$(TEST_HOST)";
				CODE_SIGN_STYLE = Automatic;
				CURRENT_PROJECT_VERSION = 1;
				DEVELOPMENT_TEAM = L6R7P8MDW2;
				GENERATE_INFOPLIST_FILE = YES;
				IPHONEOS_DEPLOYMENT_TARGET = 17.0;
				MARKETING_VERSION = 1.0;
				PRODUCT_BUNDLE_IDENTIFIER = com.barisadalidag.Project5Tests;
				PRODUCT_NAME = "$(TARGET_NAME)";
				SWIFT_EMIT_LOC_STRINGS = NO;
				SWIFT_VERSION = 5.0;
				TARGETED_DEVICE_FAMILY = "1,2";
				TEST_HOST = "$(BUILT_PRODUCTS_DIR)/Project5.app/$(BUNDLE_EXECUTABLE_FOLDER_PATH)/Project5";
			};
			name = Release;
		};
		6086DC6B2B5A8F7400B00536 /* Debug */ = {
			isa = XCBuildConfiguration;
			buildSettings = {
				ALWAYS_EMBED_SWIFT_STANDARD_LIBRARIES = YES;
				CODE_SIGN_STYLE = Automatic;
				CURRENT_PROJECT_VERSION = 1;
				DEVELOPMENT_TEAM = L6R7P8MDW2;
				GENERATE_INFOPLIST_FILE = YES;
				MARKETING_VERSION = 1.0;
				PRODUCT_BUNDLE_IDENTIFIER = com.barisadalidag.Project5UITests;
				PRODUCT_NAME = "$(TARGET_NAME)";
				SWIFT_EMIT_LOC_STRINGS = NO;
				SWIFT_VERSION = 5.0;
				TARGETED_DEVICE_FAMILY = "1,2";
				TEST_TARGET_NAME = Project5;
			};
			name = Debug;
		};
		6086DC6C2B5A8F7400B00536 /* Release */ = {
			isa = XCBuildConfiguration;
			buildSettings = {
				ALWAYS_EMBED_SWIFT_STANDARD_LIBRARIES = YES;
				CODE_SIGN_STYLE = Automatic;
				CURRENT_PROJECT_VERSION = 1;
				DEVELOPMENT_TEAM = L6R7P8MDW2;
				GENERATE_INFOPLIST_FILE = YES;
				MARKETING_VERSION = 1.0;
				PRODUCT_BUNDLE_IDENTIFIER = com.barisadalidag.Project5UITests;
				PRODUCT_NAME = "$(TARGET_NAME)";
				SWIFT_EMIT_LOC_STRINGS = NO;
				SWIFT_VERSION = 5.0;
				TARGETED_DEVICE_FAMILY = "1,2";
				TEST_TARGET_NAME = Project5;
			};
			name = Release;
		};
/* End XCBuildConfiguration section */

/* Begin XCConfigurationList section */
		6086DC352B5A8F7200B00536 /* Build configuration list for PBXProject "Project5" */ = {
			isa = XCConfigurationList;
			buildConfigurations = (
				6086DC622B5A8F7400B00536 /* Debug */,
				6086DC632B5A8F7400B00536 /* Release */,
			);
			defaultConfigurationIsVisible = 0;
			defaultConfigurationName = Release;
		};
		6086DC642B5A8F7400B00536 /* Build configuration list for PBXNativeTarget "Project5" */ = {
			isa = XCConfigurationList;
			buildConfigurations = (
				6086DC652B5A8F7400B00536 /* Debug */,
				6086DC662B5A8F7400B00536 /* Release */,
			);
			defaultConfigurationIsVisible = 0;
			defaultConfigurationName = Release;
		};
		6086DC672B5A8F7400B00536 /* Build configuration list for PBXNativeTarget "Project5Tests" */ = {
			isa = XCConfigurationList;
			buildConfigurations = (
				6086DC682B5A8F7400B00536 /* Debug */,
				6086DC692B5A8F7400B00536 /* Release */,
			);
			defaultConfigurationIsVisible = 0;
			defaultConfigurationName = Release;
		};
		6086DC6A2B5A8F7400B00536 /* Build configuration list for PBXNativeTarget "Project5UITests" */ = {
			isa = XCConfigurationList;
			buildConfigurations = (
				6086DC6B2B5A8F7400B00536 /* Debug */,
				6086DC6C2B5A8F7400B00536 /* Release */,
			);
			defaultConfigurationIsVisible = 0;
			defaultConfigurationName = Release;
		};
/* End XCConfigurationList section */
	};
	rootObject = 6086DC322B5A8F7200B00536 /* Project object */;
}
